
Microsoft Visual Studio Solution File, Format Version 12.00
# Visual Studio 2012
Project("{FAE04EC0-301F-11D3-BF4B-00C04F79EFBC}") = "xCleanWay", "xCleanWay\xCleanWay\xCleanWay.csproj", "{80B1D0D5-FE68-4D35-B245-570E4697505C}"
EndProject
Project("{FAE04EC0-301F-11D3-BF4B-00C04F79EFBC}") = "xCleanWay.Droid", "xCleanWay\xCleanWay.Droid\xCleanWay.Droid.csproj", "{7375BB0D-5AF6-413A-9BF3-EC511A9C00D8}"
EndProject
Project("{FAE04EC0-301F-11D3-BF4B-00C04F79EFBC}") = "xCleanWay.iOS", "xCleanWay\xCleanWay.iOS\xCleanWay.iOS.csproj", "{9EEDB03E-DAF8-4ED3-87F7-2E1767BD2F8C}"
EndProject
Project("{FAE04EC0-301F-11D3-BF4B-00C04F79EFBC}") = "xCleanWay.Core", "xCleanWay.Core\xCleanWay.Core.csproj", "{F20070C5-B55F-4E23-94F8-35D0020F856B}"
EndProject
Project("{FAE04EC0-301F-11D3-BF4B-00C04F79EFBC}") = "xCleanWay.Ui", "xCleanWay.Ui\xCleanWay.Ui.csproj", "{401822F4-B6D9-4B9B-8A2B-E7B51331055B}"
EndProject
Project("{FAE04EC0-301F-11D3-BF4B-00C04F79EFBC}") = "xCleanWay.Di", "xCleanWay.Di\xCleanWay.Di.csproj", "{DE4DE59C-E35C-47FF-A7D4-C4E551E1F040}"
EndProject
Project("{FAE04EC0-301F-11D3-BF4B-00C04F79EFBC}") = "xCleanWay.Data", "xCleanWay.Data\xCleanWay.Data.csproj", "{BA820C76-C060-4E7E-8835-690C0F3A815E}"
EndProject
Project("{FAE04EC0-301F-11D3-BF4B-00C04F79EFBC}") = "xCleanWay.Persistence", "xCleanWay.Persistence\xCleanWay.Persistence.csproj", "{9C8113BA-D0A2-42F4-9082-C54855E9F28D}"
EndProject
Project("{FAE04EC0-301F-11D3-BF4B-00C04F79EFBC}") = "xCleanWay.Remote", "xCleanWay.Remote\xCleanWay.Remote.csproj", "{F6E89504-D410-40E8-B3C4-A73EBEB27969}"
EndProject
Project("{FAE04EC0-301F-11D3-BF4B-00C04F79EFBC}") = "xCleanWay.Mac", "xCleanWay.Mac\xCleanWay.Mac.csproj", "{4DDBF228-0623-4C3D-9200-65395167A71E}"
EndProject
Global
	GlobalSection(SolutionConfigurationPlatforms) = preSolution
		Debug|Any CPU = Debug|Any CPU
		Debug|iPhone = Debug|iPhone
		Debug|iPhoneSimulator = Debug|iPhoneSimulator
		Release|Any CPU = Release|Any CPU
		Release|iPhone = Release|iPhone
		Release|iPhoneSimulator = Release|iPhoneSimulator
	EndGlobalSection
	GlobalSection(ProjectConfigurationPlatforms) = postSolution
		{80B1D0D5-FE68-4D35-B245-570E4697505C}.Debug|Any CPU.ActiveCfg = Debug|Any CPU
		{80B1D0D5-FE68-4D35-B245-570E4697505C}.Debug|Any CPU.Build.0 = Debug|Any CPU
		{80B1D0D5-FE68-4D35-B245-570E4697505C}.Debug|iPhone.ActiveCfg = Debug|Any CPU
		{80B1D0D5-FE68-4D35-B245-570E4697505C}.Debug|iPhone.Build.0 = Debug|Any CPU
		{80B1D0D5-FE68-4D35-B245-570E4697505C}.Debug|iPhoneSimulator.ActiveCfg = Debug|Any CPU
		{80B1D0D5-FE68-4D35-B245-570E4697505C}.Debug|iPhoneSimulator.Build.0 = Debug|Any CPU
		{80B1D0D5-FE68-4D35-B245-570E4697505C}.Release|Any CPU.ActiveCfg = Release|Any CPU
		{80B1D0D5-FE68-4D35-B245-570E4697505C}.Release|Any CPU.Build.0 = Release|Any CPU
		{80B1D0D5-FE68-4D35-B245-570E4697505C}.Release|iPhone.ActiveCfg = Release|Any CPU
		{80B1D0D5-FE68-4D35-B245-570E4697505C}.Release|iPhone.Build.0 = Release|Any CPU
		{80B1D0D5-FE68-4D35-B245-570E4697505C}.Release|iPhoneSimulator.ActiveCfg = Release|Any CPU
		{80B1D0D5-FE68-4D35-B245-570E4697505C}.Release|iPhoneSimulator.Build.0 = Release|Any CPU
		{7375BB0D-5AF6-413A-9BF3-EC511A9C00D8}.Debug|Any CPU.ActiveCfg = Debug|Any CPU
		{7375BB0D-5AF6-413A-9BF3-EC511A9C00D8}.Debug|Any CPU.Build.0 = Debug|Any CPU
		{7375BB0D-5AF6-413A-9BF3-EC511A9C00D8}.Debug|Any CPU.Deploy.0 = Debug|Any CPU
		{7375BB0D-5AF6-413A-9BF3-EC511A9C00D8}.Debug|iPhone.ActiveCfg = Debug|Any CPU
		{7375BB0D-5AF6-413A-9BF3-EC511A9C00D8}.Debug|iPhone.Build.0 = Debug|Any CPU
		{7375BB0D-5AF6-413A-9BF3-EC511A9C00D8}.Debug|iPhone.Deploy.0 = Debug|Any CPU
		{7375BB0D-5AF6-413A-9BF3-EC511A9C00D8}.Debug|iPhoneSimulator.ActiveCfg = Debug|Any CPU
		{7375BB0D-5AF6-413A-9BF3-EC511A9C00D8}.Debug|iPhoneSimulator.Build.0 = Debug|Any CPU
		{7375BB0D-5AF6-413A-9BF3-EC511A9C00D8}.Debug|iPhoneSimulator.Deploy.0 = Debug|Any CPU
		{7375BB0D-5AF6-413A-9BF3-EC511A9C00D8}.Release|Any CPU.ActiveCfg = Release|Any CPU
		{7375BB0D-5AF6-413A-9BF3-EC511A9C00D8}.Release|Any CPU.Build.0 = Release|Any CPU
		{7375BB0D-5AF6-413A-9BF3-EC511A9C00D8}.Release|Any CPU.Deploy.0 = Release|Any CPU
		{7375BB0D-5AF6-413A-9BF3-EC511A9C00D8}.Release|iPhone.ActiveCfg = Release|Any CPU
		{7375BB0D-5AF6-413A-9BF3-EC511A9C00D8}.Release|iPhone.Build.0 = Release|Any CPU
		{7375BB0D-5AF6-413A-9BF3-EC511A9C00D8}.Release|iPhone.Deploy.0 = Release|Any CPU
		{7375BB0D-5AF6-413A-9BF3-EC511A9C00D8}.Release|iPhoneSimulator.ActiveCfg = Release|Any CPU
		{7375BB0D-5AF6-413A-9BF3-EC511A9C00D8}.Release|iPhoneSimulator.Build.0 = Release|Any CPU
		{7375BB0D-5AF6-413A-9BF3-EC511A9C00D8}.Release|iPhoneSimulator.Deploy.0 = Release|Any CPU
		{9EEDB03E-DAF8-4ED3-87F7-2E1767BD2F8C}.Debug|Any CPU.ActiveCfg = Debug|iPhoneSimulator
		{9EEDB03E-DAF8-4ED3-87F7-2E1767BD2F8C}.Debug|Any CPU.Build.0 = Debug|iPhoneSimulator
		{9EEDB03E-DAF8-4ED3-87F7-2E1767BD2F8C}.Debug|Any CPU.Deploy.0 = Debug|iPhoneSimulator
		{9EEDB03E-DAF8-4ED3-87F7-2E1767BD2F8C}.Debug|iPhone.ActiveCfg = Debug|iPhone
		{9EEDB03E-DAF8-4ED3-87F7-2E1767BD2F8C}.Debug|iPhone.Build.0 = Debug|iPhone
		{9EEDB03E-DAF8-4ED3-87F7-2E1767BD2F8C}.Debug|iPhone.Deploy.0 = Debug|iPhone
		{9EEDB03E-DAF8-4ED3-87F7-2E1767BD2F8C}.Debug|iPhoneSimulator.ActiveCfg = Debug|iPhoneSimulator
		{9EEDB03E-DAF8-4ED3-87F7-2E1767BD2F8C}.Debug|iPhoneSimulator.Build.0 = Debug|iPhoneSimulator
		{9EEDB03E-DAF8-4ED3-87F7-2E1767BD2F8C}.Debug|iPhoneSimulator.Deploy.0 = Debug|iPhoneSimulator
		{9EEDB03E-DAF8-4ED3-87F7-2E1767BD2F8C}.Release|Any CPU.ActiveCfg = Release|iPhone
		{9EEDB03E-DAF8-4ED3-87F7-2E1767BD2F8C}.Release|Any CPU.Build.0 = Release|iPhone
		{9EEDB03E-DAF8-4ED3-87F7-2E1767BD2F8C}.Release|Any CPU.Deploy.0 = Release|iPhone
		{9EEDB03E-DAF8-4ED3-87F7-2E1767BD2F8C}.Release|iPhone.ActiveCfg = Release|iPhone
		{9EEDB03E-DAF8-4ED3-87F7-2E1767BD2F8C}.Release|iPhone.Build.0 = Release|iPhone
		{9EEDB03E-DAF8-4ED3-87F7-2E1767BD2F8C}.Release|iPhone.Deploy.0 = Release|iPhone
		{9EEDB03E-DAF8-4ED3-87F7-2E1767BD2F8C}.Release|iPhoneSimulator.ActiveCfg = Release|iPhoneSimulator
		{9EEDB03E-DAF8-4ED3-87F7-2E1767BD2F8C}.Release|iPhoneSimulator.Build.0 = Release|iPhoneSimulator
		{9EEDB03E-DAF8-4ED3-87F7-2E1767BD2F8C}.Release|iPhoneSimulator.Deploy.0 = Release|iPhoneSimulator
		{F20070C5-B55F-4E23-94F8-35D0020F856B}.Debug|Any CPU.ActiveCfg = Debug|Any CPU
		{F20070C5-B55F-4E23-94F8-35D0020F856B}.Debug|Any CPU.Build.0 = Debug|Any CPU
		{F20070C5-B55F-4E23-94F8-35D0020F856B}.Debug|iPhone.ActiveCfg = Debug|Any CPU
		{F20070C5-B55F-4E23-94F8-35D0020F856B}.Debug|iPhone.Build.0 = Debug|Any CPU
		{F20070C5-B55F-4E23-94F8-35D0020F856B}.Debug|iPhoneSimulator.ActiveCfg = Debug|Any CPU
		{F20070C5-B55F-4E23-94F8-35D0020F856B}.Debug|iPhoneSimulator.Build.0 = Debug|Any CPU
		{F20070C5-B55F-4E23-94F8-35D0020F856B}.Release|Any CPU.ActiveCfg = Release|Any CPU
		{F20070C5-B55F-4E23-94F8-35D0020F856B}.Release|Any CPU.Build.0 = Release|Any CPU
		{F20070C5-B55F-4E23-94F8-35D0020F856B}.Release|iPhone.ActiveCfg = Release|Any CPU
		{F20070C5-B55F-4E23-94F8-35D0020F856B}.Release|iPhone.Build.0 = Release|Any CPU
		{F20070C5-B55F-4E23-94F8-35D0020F856B}.Release|iPhoneSimulator.ActiveCfg = Release|Any CPU
		{F20070C5-B55F-4E23-94F8-35D0020F856B}.Release|iPhoneSimulator.Build.0 = Release|Any CPU
		{401822F4-B6D9-4B9B-8A2B-E7B51331055B}.Debug|Any CPU.ActiveCfg = Debug|Any CPU
		{401822F4-B6D9-4B9B-8A2B-E7B51331055B}.Debug|Any CPU.Build.0 = Debug|Any CPU
		{401822F4-B6D9-4B9B-8A2B-E7B51331055B}.Debug|iPhone.ActiveCfg = Debug|Any CPU
		{401822F4-B6D9-4B9B-8A2B-E7B51331055B}.Debug|iPhone.Build.0 = Debug|Any CPU
		{401822F4-B6D9-4B9B-8A2B-E7B51331055B}.Debug|iPhoneSimulator.ActiveCfg = Debug|Any CPU
		{401822F4-B6D9-4B9B-8A2B-E7B51331055B}.Debug|iPhoneSimulator.Build.0 = Debug|Any CPU
		{401822F4-B6D9-4B9B-8A2B-E7B51331055B}.Release|Any CPU.ActiveCfg = Release|Any CPU
		{401822F4-B6D9-4B9B-8A2B-E7B51331055B}.Release|Any CPU.Build.0 = Release|Any CPU
		{401822F4-B6D9-4B9B-8A2B-E7B51331055B}.Release|iPhone.ActiveCfg = Release|Any CPU
		{401822F4-B6D9-4B9B-8A2B-E7B51331055B}.Release|iPhone.Build.0 = Release|Any CPU
		{401822F4-B6D9-4B9B-8A2B-E7B51331055B}.Release|iPhoneSimulator.ActiveCfg = Release|Any CPU
		{401822F4-B6D9-4B9B-8A2B-E7B51331055B}.Release|iPhoneSimulator.Build.0 = Release|Any CPU
		{DE4DE59C-E35C-47FF-A7D4-C4E551E1F040}.Debug|Any CPU.ActiveCfg = Debug|Any CPU
		{DE4DE59C-E35C-47FF-A7D4-C4E551E1F040}.Debug|Any CPU.Build.0 = Debug|Any CPU
		{DE4DE59C-E35C-47FF-A7D4-C4E551E1F040}.Debug|iPhone.ActiveCfg = Debug|Any CPU
		{DE4DE59C-E35C-47FF-A7D4-C4E551E1F040}.Debug|iPhone.Build.0 = Debug|Any CPU
		{DE4DE59C-E35C-47FF-A7D4-C4E551E1F040}.Debug|iPhoneSimulator.ActiveCfg = Debug|Any CPU
		{DE4DE59C-E35C-47FF-A7D4-C4E551E1F040}.Debug|iPhoneSimulator.Build.0 = Debug|Any CPU
		{DE4DE59C-E35C-47FF-A7D4-C4E551E1F040}.Release|Any CPU.ActiveCfg = Release|Any CPU
		{DE4DE59C-E35C-47FF-A7D4-C4E551E1F040}.Release|Any CPU.Build.0 = Release|Any CPU
		{DE4DE59C-E35C-47FF-A7D4-C4E551E1F040}.Release|iPhone.ActiveCfg = Release|Any CPU
		{DE4DE59C-E35C-47FF-A7D4-C4E551E1F040}.Release|iPhone.Build.0 = Release|Any CPU
		{DE4DE59C-E35C-47FF-A7D4-C4E551E1F040}.Release|iPhoneSimulator.ActiveCfg = Release|Any CPU
		{DE4DE59C-E35C-47FF-A7D4-C4E551E1F040}.Release|iPhoneSimulator.Build.0 = Release|Any CPU
		{BA820C76-C060-4E7E-8835-690C0F3A815E}.Debug|Any CPU.ActiveCfg = Debug|Any CPU
		{BA820C76-C060-4E7E-8835-690C0F3A815E}.Debug|Any CPU.Build.0 = Debug|Any CPU
		{BA820C76-C060-4E7E-8835-690C0F3A815E}.Debug|iPhone.ActiveCfg = Debug|Any CPU
		{BA820C76-C060-4E7E-8835-690C0F3A815E}.Debug|iPhone.Build.0 = Debug|Any CPU
		{BA820C76-C060-4E7E-8835-690C0F3A815E}.Debug|iPhoneSimulator.ActiveCfg = Debug|Any CPU
		{BA820C76-C060-4E7E-8835-690C0F3A815E}.Debug|iPhoneSimulator.Build.0 = Debug|Any CPU
		{BA820C76-C060-4E7E-8835-690C0F3A815E}.Release|Any CPU.ActiveCfg = Release|Any CPU
		{BA820C76-C060-4E7E-8835-690C0F3A815E}.Release|Any CPU.Build.0 = Release|Any CPU
		{BA820C76-C060-4E7E-8835-690C0F3A815E}.Release|iPhone.ActiveCfg = Release|Any CPU
		{BA820C76-C060-4E7E-8835-690C0F3A815E}.Release|iPhone.Build.0 = Release|Any CPU
		{BA820C76-C060-4E7E-8835-690C0F3A815E}.Release|iPhoneSimulator.ActiveCfg = Release|Any CPU
		{BA820C76-C060-4E7E-8835-690C0F3A815E}.Release|iPhoneSimulator.Build.0 = Release|Any CPU
		{9C8113BA-D0A2-42F4-9082-C54855E9F28D}.Debug|Any CPU.ActiveCfg = Debug|Any CPU
		{9C8113BA-D0A2-42F4-9082-C54855E9F28D}.Debug|Any CPU.Build.0 = Debug|Any CPU
		{9C8113BA-D0A2-42F4-9082-C54855E9F28D}.Debug|iPhone.ActiveCfg = Debug|Any CPU
		{9C8113BA-D0A2-42F4-9082-C54855E9F28D}.Debug|iPhone.Build.0 = Debug|Any CPU
		{9C8113BA-D0A2-42F4-9082-C54855E9F28D}.Debug|iPhoneSimulator.ActiveCfg = Debug|Any CPU
		{9C8113BA-D0A2-42F4-9082-C54855E9F28D}.Debug|iPhoneSimulator.Build.0 = Debug|Any CPU
		{9C8113BA-D0A2-42F4-9082-C54855E9F28D}.Release|Any CPU.ActiveCfg = Release|Any CPU
		{9C8113BA-D0A2-42F4-9082-C54855E9F28D}.Release|Any CPU.Build.0 = Release|Any CPU
		{9C8113BA-D0A2-42F4-9082-C54855E9F28D}.Release|iPhone.ActiveCfg = Release|Any CPU
		{9C8113BA-D0A2-42F4-9082-C54855E9F28D}.Release|iPhone.Build.0 = Release|Any CPU
		{9C8113BA-D0A2-42F4-9082-C54855E9F28D}.Release|iPhoneSimulator.ActiveCfg = Release|Any CPU
		{9C8113BA-D0A2-42F4-9082-C54855E9F28D}.Release|iPhoneSimulator.Build.0 = Release|Any CPU
		{F6E89504-D410-40E8-B3C4-A73EBEB27969}.Debug|Any CPU.ActiveCfg = Debug|Any CPU
		{F6E89504-D410-40E8-B3C4-A73EBEB27969}.Debug|Any CPU.Build.0 = Debug|Any CPU
		{F6E89504-D410-40E8-B3C4-A73EBEB27969}.Debug|iPhone.ActiveCfg = Debug|Any CPU
		{F6E89504-D410-40E8-B3C4-A73EBEB27969}.Debug|iPhone.Build.0 = Debug|Any CPU
		{F6E89504-D410-40E8-B3C4-A73EBEB27969}.Debug|iPhoneSimulator.ActiveCfg = Debug|Any CPU
		{F6E89504-D410-40E8-B3C4-A73EBEB27969}.Debug|iPhoneSimulator.Build.0 = Debug|Any CPU
		{F6E89504-D410-40E8-B3C4-A73EBEB27969}.Release|Any CPU.ActiveCfg = Release|Any CPU
		{F6E89504-D410-40E8-B3C4-A73EBEB27969}.Release|Any CPU.Build.0 = Release|Any CPU
		{F6E89504-D410-40E8-B3C4-A73EBEB27969}.Release|iPhone.ActiveCfg = Release|Any CPU
		{F6E89504-D410-40E8-B3C4-A73EBEB27969}.Release|iPhone.Build.0 = Release|Any CPU
		{F6E89504-D410-40E8-B3C4-A73EBEB27969}.Release|iPhoneSimulator.ActiveCfg = Release|Any CPU
		{F6E89504-D410-40E8-B3C4-A73EBEB27969}.Release|iPhoneSimulator.Build.0 = Release|Any CPU
		{4DDBF228-0623-4C3D-9200-65395167A71E}.Debug|Any CPU.ActiveCfg = Debug|Any CPU
		{4DDBF228-0623-4C3D-9200-65395167A71E}.Debug|Any CPU.Build.0 = Debug|Any CPU
		{4DDBF228-0623-4C3D-9200-65395167A71E}.Debug|iPhone.ActiveCfg = Debug|Any CPU
		{4DDBF228-0623-4C3D-9200-65395167A71E}.Debug|iPhone.Build.0 = Debug|Any CPU
		{4DDBF228-0623-4C3D-9200-65395167A71E}.Debug|iPhoneSimulator.ActiveCfg = Debug|Any CPU
		{4DDBF228-0623-4C3D-9200-65395167A71E}.Debug|iPhoneSimulator.Build.0 = Debug|Any CPU
		{4DDBF228-0623-4C3D-9200-65395167A71E}.Release|Any CPU.ActiveCfg = Release|Any CPU
		{4DDBF228-0623-4C3D-9200-65395167A71E}.Release|Any CPU.Build.0 = Release|Any CPU
		{4DDBF228-0623-4C3D-9200-65395167A71E}.Release|iPhone.ActiveCfg = Release|Any CPU
		{4DDBF228-0623-4C3D-9200-65395167A71E}.Release|iPhone.Build.0 = Release|Any CPU
		{4DDBF228-0623-4C3D-9200-65395167A71E}.Release|iPhoneSimulator.ActiveCfg = Release|Any CPU
		{4DDBF228-0623-4C3D-9200-65395167A71E}.Release|iPhoneSimulator.Build.0 = Release|Any CPU
	EndGlobalSection
EndGlobal
