
Microsoft Visual Studio Solution File, Format Version 12.00
Project("{FAE04EC0-301F-11D3-BF4B-00C04F79EFBC}") = "xCleanWay", "xCleanWay\xCleanWay\xCleanWay.csproj", "{80B1D0D5-FE68-4D35-B245-570E4697505C}"
EndProject
Project("{FAE04EC0-301F-11D3-BF4B-00C04F79EFBC}") = "xCleanWay.Droid", "xCleanWay\xCleanWay.Droid\xCleanWay.Droid.csproj", "{7375BB0D-5AF6-413A-9BF3-EC511A9C00D8}"
EndProject
Project("{FAE04EC0-301F-11D3-BF4B-00C04F79EFBC}") = "xCleanWay.iOS", "xCleanWay\xCleanWay.iOS\xCleanWay.iOS.csproj", "{9EEDB03E-DAF8-4ED3-87F7-2E1767BD2F8C}"
EndProject
Project("{FAE04EC0-301F-11D3-BF4B-00C04F79EFBC}") = "Data", "Data\Data.csproj", "{A3B83808-B08F-4611-9F50-B257470B5CB1}"
EndProject
Project("{FAE04EC0-301F-11D3-BF4B-00C04F79EFBC}") = "Core", "Core\Core.csproj", "{DAA1022E-DC02-4746-A304-5D80E9A6A2A4}"
EndProject
Project("{FAE04EC0-301F-11D3-BF4B-00C04F79EFBC}") = "Ui", "Ui\Ui.csproj", "{A4AF6F65-4B5D-49FC-8CC4-52A922905CDF}"
EndProject
Global
	GlobalSection(SolutionConfigurationPlatforms) = preSolution
		Debug|Any CPU = Debug|Any CPU
		Debug|iPhone = Debug|iPhone
		Debug|iPhoneSimulator = Debug|iPhoneSimulator
		Release|Any CPU = Release|Any CPU
		Release|iPhone = Release|iPhone
		Release|iPhoneSimulator = Release|iPhoneSimulator
	EndGlobalSection
	GlobalSection(ProjectConfigurationPlatforms) = postSolution
		{80B1D0D5-FE68-4D35-B245-570E4697505C}.Debug|Any CPU.ActiveCfg = Debug|Any CPU
		{80B1D0D5-FE68-4D35-B245-570E4697505C}.Debug|Any CPU.Build.0 = Debug|Any CPU
		{80B1D0D5-FE68-4D35-B245-570E4697505C}.Debug|iPhone.ActiveCfg = Debug|Any CPU
		{80B1D0D5-FE68-4D35-B245-570E4697505C}.Debug|iPhone.Build.0 = Debug|Any CPU
		{80B1D0D5-FE68-4D35-B245-570E4697505C}.Debug|iPhoneSimulator.ActiveCfg = Debug|Any CPU
		{80B1D0D5-FE68-4D35-B245-570E4697505C}.Debug|iPhoneSimulator.Build.0 = Debug|Any CPU
		{80B1D0D5-FE68-4D35-B245-570E4697505C}.Release|Any CPU.ActiveCfg = Release|Any CPU
		{80B1D0D5-FE68-4D35-B245-570E4697505C}.Release|Any CPU.Build.0 = Release|Any CPU
		{80B1D0D5-FE68-4D35-B245-570E4697505C}.Release|iPhone.ActiveCfg = Release|Any CPU
		{80B1D0D5-FE68-4D35-B245-570E4697505C}.Release|iPhone.Build.0 = Release|Any CPU
		{80B1D0D5-FE68-4D35-B245-570E4697505C}.Release|iPhoneSimulator.ActiveCfg = Release|Any CPU
		{80B1D0D5-FE68-4D35-B245-570E4697505C}.Release|iPhoneSimulator.Build.0 = Release|Any CPU
		{7375BB0D-5AF6-413A-9BF3-EC511A9C00D8}.Debug|Any CPU.ActiveCfg = Debug|Any CPU
		{7375BB0D-5AF6-413A-9BF3-EC511A9C00D8}.Debug|Any CPU.Build.0 = Debug|Any CPU
		{7375BB0D-5AF6-413A-9BF3-EC511A9C00D8}.Debug|Any CPU.Deploy.0 = Debug|Any CPU
		{7375BB0D-5AF6-413A-9BF3-EC511A9C00D8}.Debug|iPhone.ActiveCfg = Debug|Any CPU
		{7375BB0D-5AF6-413A-9BF3-EC511A9C00D8}.Debug|iPhone.Build.0 = Debug|Any CPU
		{7375BB0D-5AF6-413A-9BF3-EC511A9C00D8}.Debug|iPhone.Deploy.0 = Debug|Any CPU
		{7375BB0D-5AF6-413A-9BF3-EC511A9C00D8}.Debug|iPhoneSimulator.ActiveCfg = Debug|Any CPU
		{7375BB0D-5AF6-413A-9BF3-EC511A9C00D8}.Debug|iPhoneSimulator.Build.0 = Debug|Any CPU
		{7375BB0D-5AF6-413A-9BF3-EC511A9C00D8}.Debug|iPhoneSimulator.Deploy.0 = Debug|Any CPU
		{7375BB0D-5AF6-413A-9BF3-EC511A9C00D8}.Release|Any CPU.ActiveCfg = Release|Any CPU
		{7375BB0D-5AF6-413A-9BF3-EC511A9C00D8}.Release|Any CPU.Build.0 = Release|Any CPU
		{7375BB0D-5AF6-413A-9BF3-EC511A9C00D8}.Release|Any CPU.Deploy.0 = Release|Any CPU
		{7375BB0D-5AF6-413A-9BF3-EC511A9C00D8}.Release|iPhone.ActiveCfg = Release|Any CPU
		{7375BB0D-5AF6-413A-9BF3-EC511A9C00D8}.Release|iPhone.Build.0 = Release|Any CPU
		{7375BB0D-5AF6-413A-9BF3-EC511A9C00D8}.Release|iPhone.Deploy.0 = Release|Any CPU
		{7375BB0D-5AF6-413A-9BF3-EC511A9C00D8}.Release|iPhoneSimulator.ActiveCfg = Release|Any CPU
		{7375BB0D-5AF6-413A-9BF3-EC511A9C00D8}.Release|iPhoneSimulator.Build.0 = Release|Any CPU
		{7375BB0D-5AF6-413A-9BF3-EC511A9C00D8}.Release|iPhoneSimulator.Deploy.0 = Release|Any CPU
		{9EEDB03E-DAF8-4ED3-87F7-2E1767BD2F8C}.Debug|Any CPU.ActiveCfg = Debug|iPhoneSimulator
		{9EEDB03E-DAF8-4ED3-87F7-2E1767BD2F8C}.Debug|Any CPU.Build.0 = Debug|iPhoneSimulator
		{9EEDB03E-DAF8-4ED3-87F7-2E1767BD2F8C}.Debug|Any CPU.Deploy.0 = Debug|iPhoneSimulator
		{9EEDB03E-DAF8-4ED3-87F7-2E1767BD2F8C}.Debug|iPhone.ActiveCfg = Debug|iPhone
		{9EEDB03E-DAF8-4ED3-87F7-2E1767BD2F8C}.Debug|iPhone.Build.0 = Debug|iPhone
		{9EEDB03E-DAF8-4ED3-87F7-2E1767BD2F8C}.Debug|iPhone.Deploy.0 = Debug|iPhone
		{9EEDB03E-DAF8-4ED3-87F7-2E1767BD2F8C}.Debug|iPhoneSimulator.ActiveCfg = Debug|iPhoneSimulator
		{9EEDB03E-DAF8-4ED3-87F7-2E1767BD2F8C}.Debug|iPhoneSimulator.Build.0 = Debug|iPhoneSimulator
		{9EEDB03E-DAF8-4ED3-87F7-2E1767BD2F8C}.Debug|iPhoneSimulator.Deploy.0 = Debug|iPhoneSimulator
		{9EEDB03E-DAF8-4ED3-87F7-2E1767BD2F8C}.Release|Any CPU.ActiveCfg = Release|iPhone
		{9EEDB03E-DAF8-4ED3-87F7-2E1767BD2F8C}.Release|Any CPU.Build.0 = Release|iPhone
		{9EEDB03E-DAF8-4ED3-87F7-2E1767BD2F8C}.Release|Any CPU.Deploy.0 = Release|iPhone
		{9EEDB03E-DAF8-4ED3-87F7-2E1767BD2F8C}.Release|iPhone.ActiveCfg = Release|iPhone
		{9EEDB03E-DAF8-4ED3-87F7-2E1767BD2F8C}.Release|iPhone.Build.0 = Release|iPhone
		{9EEDB03E-DAF8-4ED3-87F7-2E1767BD2F8C}.Release|iPhone.Deploy.0 = Release|iPhone
		{9EEDB03E-DAF8-4ED3-87F7-2E1767BD2F8C}.Release|iPhoneSimulator.ActiveCfg = Release|iPhoneSimulator
		{9EEDB03E-DAF8-4ED3-87F7-2E1767BD2F8C}.Release|iPhoneSimulator.Build.0 = Release|iPhoneSimulator
		{9EEDB03E-DAF8-4ED3-87F7-2E1767BD2F8C}.Release|iPhoneSimulator.Deploy.0 = Release|iPhoneSimulator
		{A3B83808-B08F-4611-9F50-B257470B5CB1}.Debug|Any CPU.ActiveCfg = Debug|Any CPU
		{A3B83808-B08F-4611-9F50-B257470B5CB1}.Debug|Any CPU.Build.0 = Debug|Any CPU
		{A3B83808-B08F-4611-9F50-B257470B5CB1}.Debug|iPhone.ActiveCfg = Debug|Any CPU
		{A3B83808-B08F-4611-9F50-B257470B5CB1}.Debug|iPhone.Build.0 = Debug|Any CPU
		{A3B83808-B08F-4611-9F50-B257470B5CB1}.Debug|iPhoneSimulator.ActiveCfg = Debug|Any CPU
		{A3B83808-B08F-4611-9F50-B257470B5CB1}.Debug|iPhoneSimulator.Build.0 = Debug|Any CPU
		{A3B83808-B08F-4611-9F50-B257470B5CB1}.Release|Any CPU.ActiveCfg = Release|Any CPU
		{A3B83808-B08F-4611-9F50-B257470B5CB1}.Release|Any CPU.Build.0 = Release|Any CPU
		{A3B83808-B08F-4611-9F50-B257470B5CB1}.Release|iPhone.ActiveCfg = Release|Any CPU
		{A3B83808-B08F-4611-9F50-B257470B5CB1}.Release|iPhone.Build.0 = Release|Any CPU
		{A3B83808-B08F-4611-9F50-B257470B5CB1}.Release|iPhoneSimulator.ActiveCfg = Release|Any CPU
		{A3B83808-B08F-4611-9F50-B257470B5CB1}.Release|iPhoneSimulator.Build.0 = Release|Any CPU
		{DAA1022E-DC02-4746-A304-5D80E9A6A2A4}.Debug|Any CPU.ActiveCfg = Debug|Any CPU
		{DAA1022E-DC02-4746-A304-5D80E9A6A2A4}.Debug|Any CPU.Build.0 = Debug|Any CPU
		{DAA1022E-DC02-4746-A304-5D80E9A6A2A4}.Debug|iPhone.ActiveCfg = Debug|Any CPU
		{DAA1022E-DC02-4746-A304-5D80E9A6A2A4}.Debug|iPhone.Build.0 = Debug|Any CPU
		{DAA1022E-DC02-4746-A304-5D80E9A6A2A4}.Debug|iPhoneSimulator.ActiveCfg = Debug|Any CPU
		{DAA1022E-DC02-4746-A304-5D80E9A6A2A4}.Debug|iPhoneSimulator.Build.0 = Debug|Any CPU
		{DAA1022E-DC02-4746-A304-5D80E9A6A2A4}.Release|Any CPU.ActiveCfg = Release|Any CPU
		{DAA1022E-DC02-4746-A304-5D80E9A6A2A4}.Release|Any CPU.Build.0 = Release|Any CPU
		{DAA1022E-DC02-4746-A304-5D80E9A6A2A4}.Release|iPhone.ActiveCfg = Release|Any CPU
		{DAA1022E-DC02-4746-A304-5D80E9A6A2A4}.Release|iPhone.Build.0 = Release|Any CPU
		{DAA1022E-DC02-4746-A304-5D80E9A6A2A4}.Release|iPhoneSimulator.ActiveCfg = Release|Any CPU
		{DAA1022E-DC02-4746-A304-5D80E9A6A2A4}.Release|iPhoneSimulator.Build.0 = Release|Any CPU
		{A4AF6F65-4B5D-49FC-8CC4-52A922905CDF}.Debug|Any CPU.ActiveCfg = Debug|Any CPU
		{A4AF6F65-4B5D-49FC-8CC4-52A922905CDF}.Debug|Any CPU.Build.0 = Debug|Any CPU
		{A4AF6F65-4B5D-49FC-8CC4-52A922905CDF}.Debug|iPhone.ActiveCfg = Debug|Any CPU
		{A4AF6F65-4B5D-49FC-8CC4-52A922905CDF}.Debug|iPhone.Build.0 = Debug|Any CPU
		{A4AF6F65-4B5D-49FC-8CC4-52A922905CDF}.Debug|iPhoneSimulator.ActiveCfg = Debug|Any CPU
		{A4AF6F65-4B5D-49FC-8CC4-52A922905CDF}.Debug|iPhoneSimulator.Build.0 = Debug|Any CPU
		{A4AF6F65-4B5D-49FC-8CC4-52A922905CDF}.Release|Any CPU.ActiveCfg = Release|Any CPU
		{A4AF6F65-4B5D-49FC-8CC4-52A922905CDF}.Release|Any CPU.Build.0 = Release|Any CPU
		{A4AF6F65-4B5D-49FC-8CC4-52A922905CDF}.Release|iPhone.ActiveCfg = Release|Any CPU
		{A4AF6F65-4B5D-49FC-8CC4-52A922905CDF}.Release|iPhone.Build.0 = Release|Any CPU
		{A4AF6F65-4B5D-49FC-8CC4-52A922905CDF}.Release|iPhoneSimulator.ActiveCfg = Release|Any CPU
		{A4AF6F65-4B5D-49FC-8CC4-52A922905CDF}.Release|iPhoneSimulator.Build.0 = Release|Any CPU
	EndGlobalSection
EndGlobal
